
Microsoft Visual Studio Solution File, Format Version 12.00
Project("{FAE04EC0-301F-11D3-BF4B-00C04F79EFBC}") = "DayOne", "DayOne\DayOne.csproj", "{C4D7501B-13A2-4CBC-8E0A-BC283D2F1DA9}"
EndProject
Project("{FAE04EC0-301F-11D3-BF4B-00C04F79EFBC}") = "DayTwo", "DayTwo\DayTwo.csproj", "{7EF18EF0-60D1-4924-987D-C849654F5313}"
EndProject
Project("{FAE04EC0-301F-11D3-BF4B-00C04F79EFBC}") = "DayThree", "DayThree\DayThree.csproj", "{C0C3585A-D937-45B3-B526-6EC0C1825C21}"
EndProject
Global
	GlobalSection(SolutionConfigurationPlatforms) = preSolution
		Debug|Any CPU = Debug|Any CPU
		Release|Any CPU = Release|Any CPU
	EndGlobalSection
	GlobalSection(ProjectConfigurationPlatforms) = postSolution
		{C4D7501B-13A2-4CBC-8E0A-BC283D2F1DA9}.Debug|Any CPU.ActiveCfg = Debug|Any CPU
		{C4D7501B-13A2-4CBC-8E0A-BC283D2F1DA9}.Debug|Any CPU.Build.0 = Debug|Any CPU
		{C4D7501B-13A2-4CBC-8E0A-BC283D2F1DA9}.Release|Any CPU.ActiveCfg = Release|Any CPU
		{C4D7501B-13A2-4CBC-8E0A-BC283D2F1DA9}.Release|Any CPU.Build.0 = Release|Any CPU
		{7EF18EF0-60D1-4924-987D-C849654F5313}.Debug|Any CPU.ActiveCfg = Debug|Any CPU
		{7EF18EF0-60D1-4924-987D-C849654F5313}.Debug|Any CPU.Build.0 = Debug|Any CPU
		{7EF18EF0-60D1-4924-987D-C849654F5313}.Release|Any CPU.ActiveCfg = Release|Any CPU
		{7EF18EF0-60D1-4924-987D-C849654F5313}.Release|Any CPU.Build.0 = Release|Any CPU
		{C0C3585A-D937-45B3-B526-6EC0C1825C21}.Debug|Any CPU.ActiveCfg = Debug|Any CPU
		{C0C3585A-D937-45B3-B526-6EC0C1825C21}.Debug|Any CPU.Build.0 = Debug|Any CPU
		{C0C3585A-D937-45B3-B526-6EC0C1825C21}.Release|Any CPU.ActiveCfg = Release|Any CPU
		{C0C3585A-D937-45B3-B526-6EC0C1825C21}.Release|Any CPU.Build.0 = Release|Any CPU
	EndGlobalSection
EndGlobal
