
Microsoft Visual Studio Solution File, Format Version 12.00
# Visual Studio Version 17
VisualStudioVersion = 17.12.35514.174
MinimumVisualStudioVersion = 10.0.40219.1
Project("{FAE04EC0-301F-11D3-BF4B-00C04F79EFBC}") = "DayOne", "DayOne\DayOne.csproj", "{C4D7501B-13A2-4CBC-8E0A-BC283D2F1DA9}"
EndProject
Project("{FAE04EC0-301F-11D3-BF4B-00C04F79EFBC}") = "DayTwo", "DayTwo\DayTwo.csproj", "{7EF18EF0-60D1-4924-987D-C849654F5313}"
EndProject
Project("{FAE04EC0-301F-11D3-BF4B-00C04F79EFBC}") = "DayThree", "DayThree\DayThree.csproj", "{C0C3585A-D937-45B3-B526-6EC0C1825C21}"
EndProject
Project("{FAE04EC0-301F-11D3-BF4B-00C04F79EFBC}") = "DayFour", "DayFour\DayFour.csproj", "{B4B73851-8BA0-4E6E-980E-6F66849163EB}"
EndProject
Project("{2150E333-8FDC-42A3-9474-1A3956D46DE8}") = "Helper", "Helper", "{A6C79B1A-D4B8-4DCE-B903-796544FDE0B4}"
EndProject
Project("{FAE04EC0-301F-11D3-BF4B-00C04F79EFBC}") = "AdventOfCode.Shared", "AdventOfCode.Shared\AdventOfCode.Shared.csproj", "{E4A87096-0587-4151-88E4-B760BDA1F731}"
EndProject
Project("{FAE04EC0-301F-11D3-BF4B-00C04F79EFBC}") = "DayFive", "DayFive\DayFive.csproj", "{8F90E770-C2B3-4ED8-81EE-117DF5AA1419}"
EndProject
Project("{FAE04EC0-301F-11D3-BF4B-00C04F79EFBC}") = "DaySix", "DaySix\DaySix.csproj", "{D5FFE6E7-7FCA-4CBE-8FAA-6300850FCB79}"
EndProject
Project("{FAE04EC0-301F-11D3-BF4B-00C04F79EFBC}") = "DaySeven", "DaySeven\DaySeven.csproj", "{FA94E37B-F721-4B72-B4BD-1C51AD37D48F}"
EndProject
Project("{FAE04EC0-301F-11D3-BF4B-00C04F79EFBC}") = "DayEight", "DayEight\DayEight.csproj", "{DC50A5F9-504E-4291-BFEF-11CD5D5DE25A}"
EndProject
Global
	GlobalSection(SolutionConfigurationPlatforms) = preSolution
		Debug|Any CPU = Debug|Any CPU
		Release|Any CPU = Release|Any CPU
	EndGlobalSection
	GlobalSection(ProjectConfigurationPlatforms) = postSolution
		{C4D7501B-13A2-4CBC-8E0A-BC283D2F1DA9}.Debug|Any CPU.ActiveCfg = Debug|Any CPU
		{C4D7501B-13A2-4CBC-8E0A-BC283D2F1DA9}.Debug|Any CPU.Build.0 = Debug|Any CPU
		{C4D7501B-13A2-4CBC-8E0A-BC283D2F1DA9}.Release|Any CPU.ActiveCfg = Release|Any CPU
		{C4D7501B-13A2-4CBC-8E0A-BC283D2F1DA9}.Release|Any CPU.Build.0 = Release|Any CPU
		{7EF18EF0-60D1-4924-987D-C849654F5313}.Debug|Any CPU.ActiveCfg = Debug|Any CPU
		{7EF18EF0-60D1-4924-987D-C849654F5313}.Debug|Any CPU.Build.0 = Debug|Any CPU
		{7EF18EF0-60D1-4924-987D-C849654F5313}.Release|Any CPU.ActiveCfg = Release|Any CPU
		{7EF18EF0-60D1-4924-987D-C849654F5313}.Release|Any CPU.Build.0 = Release|Any CPU
		{C0C3585A-D937-45B3-B526-6EC0C1825C21}.Debug|Any CPU.ActiveCfg = Debug|Any CPU
		{C0C3585A-D937-45B3-B526-6EC0C1825C21}.Debug|Any CPU.Build.0 = Debug|Any CPU
		{C0C3585A-D937-45B3-B526-6EC0C1825C21}.Release|Any CPU.ActiveCfg = Release|Any CPU
		{C0C3585A-D937-45B3-B526-6EC0C1825C21}.Release|Any CPU.Build.0 = Release|Any CPU
		{B4B73851-8BA0-4E6E-980E-6F66849163EB}.Debug|Any CPU.ActiveCfg = Debug|Any CPU
		{B4B73851-8BA0-4E6E-980E-6F66849163EB}.Debug|Any CPU.Build.0 = Debug|Any CPU
		{B4B73851-8BA0-4E6E-980E-6F66849163EB}.Release|Any CPU.ActiveCfg = Release|Any CPU
		{B4B73851-8BA0-4E6E-980E-6F66849163EB}.Release|Any CPU.Build.0 = Release|Any CPU
		{E4A87096-0587-4151-88E4-B760BDA1F731}.Debug|Any CPU.ActiveCfg = Debug|Any CPU
		{E4A87096-0587-4151-88E4-B760BDA1F731}.Debug|Any CPU.Build.0 = Debug|Any CPU
		{E4A87096-0587-4151-88E4-B760BDA1F731}.Release|Any CPU.ActiveCfg = Release|Any CPU
		{E4A87096-0587-4151-88E4-B760BDA1F731}.Release|Any CPU.Build.0 = Release|Any CPU
		{8F90E770-C2B3-4ED8-81EE-117DF5AA1419}.Debug|Any CPU.ActiveCfg = Debug|Any CPU
		{8F90E770-C2B3-4ED8-81EE-117DF5AA1419}.Debug|Any CPU.Build.0 = Debug|Any CPU
		{8F90E770-C2B3-4ED8-81EE-117DF5AA1419}.Release|Any CPU.ActiveCfg = Release|Any CPU
		{8F90E770-C2B3-4ED8-81EE-117DF5AA1419}.Release|Any CPU.Build.0 = Release|Any CPU
		{D5FFE6E7-7FCA-4CBE-8FAA-6300850FCB79}.Debug|Any CPU.ActiveCfg = Debug|Any CPU
		{D5FFE6E7-7FCA-4CBE-8FAA-6300850FCB79}.Debug|Any CPU.Build.0 = Debug|Any CPU
		{D5FFE6E7-7FCA-4CBE-8FAA-6300850FCB79}.Release|Any CPU.ActiveCfg = Release|Any CPU
		{D5FFE6E7-7FCA-4CBE-8FAA-6300850FCB79}.Release|Any CPU.Build.0 = Release|Any CPU
		{FA94E37B-F721-4B72-B4BD-1C51AD37D48F}.Debug|Any CPU.ActiveCfg = Debug|Any CPU
		{FA94E37B-F721-4B72-B4BD-1C51AD37D48F}.Debug|Any CPU.Build.0 = Debug|Any CPU
		{FA94E37B-F721-4B72-B4BD-1C51AD37D48F}.Release|Any CPU.ActiveCfg = Release|Any CPU
		{FA94E37B-F721-4B72-B4BD-1C51AD37D48F}.Release|Any CPU.Build.0 = Release|Any CPU
		{DC50A5F9-504E-4291-BFEF-11CD5D5DE25A}.Debug|Any CPU.ActiveCfg = Debug|Any CPU
		{DC50A5F9-504E-4291-BFEF-11CD5D5DE25A}.Debug|Any CPU.Build.0 = Debug|Any CPU
		{DC50A5F9-504E-4291-BFEF-11CD5D5DE25A}.Release|Any CPU.ActiveCfg = Release|Any CPU
		{DC50A5F9-504E-4291-BFEF-11CD5D5DE25A}.Release|Any CPU.Build.0 = Release|Any CPU
	EndGlobalSection
	GlobalSection(SolutionProperties) = preSolution
		HideSolutionNode = FALSE
	EndGlobalSection
	GlobalSection(NestedProjects) = preSolution
		{E4A87096-0587-4151-88E4-B760BDA1F731} = {A6C79B1A-D4B8-4DCE-B903-796544FDE0B4}
	EndGlobalSection
EndGlobal
